
Microsoft Visual Studio Solution File, Format Version 12.00
# Visual Studio Version 16
VisualStudioVersion = 16.0.29509.3
MinimumVisualStudioVersion = 10.0.40219.1
Project("{FAE04EC0-301F-11D3-BF4B-00C04F79EFBC}") = "Stack(Csharp)", "Stack(Csharp)\Stack(Csharp).csproj", "{B645FF66-A32E-476A-8F56-059C9A4C81CB}"
EndProject
Global
	GlobalSection(SolutionConfigurationPlatforms) = preSolution
		Debug|Any CPU = Debug|Any CPU
		Release|Any CPU = Release|Any CPU
	EndGlobalSection
	GlobalSection(ProjectConfigurationPlatforms) = postSolution
		{B645FF66-A32E-476A-8F56-059C9A4C81CB}.Debug|Any CPU.ActiveCfg = Debug|Any CPU
		{B645FF66-A32E-476A-8F56-059C9A4C81CB}.Debug|Any CPU.Build.0 = Debug|Any CPU
		{B645FF66-A32E-476A-8F56-059C9A4C81CB}.Release|Any CPU.ActiveCfg = Release|Any CPU
		{B645FF66-A32E-476A-8F56-059C9A4C81CB}.Release|Any CPU.Build.0 = Release|Any CPU
	EndGlobalSection
	GlobalSection(SolutionProperties) = preSolution
		HideSolutionNode = FALSE
	EndGlobalSection
	GlobalSection(ExtensibilityGlobals) = postSolution
		SolutionGuid = {D4160162-B122-4392-90A1-F29C5EB99259}
	EndGlobalSection
EndGlobal
